{
  "version": "2",
  "remote": {
    "https://crux.land/api/get/uYQG.ts": "7be58811e3095cf468a323380aff64515bc30d025da53262894cbca77f50fefc",
    "https://deno.land/std@0.128.0/async/deadline.ts": "48ac998d7564969f3e6ec6b6f9bf0217ebd00239b1b2292feba61272d5dd58d0",
    "https://deno.land/std@0.128.0/async/debounce.ts": "564273ef242bcfcda19a439132f940db8694173abffc159ea34f07d18fc42620",
    "https://deno.land/std@0.128.0/async/deferred.ts": "bc18e28108252c9f67dfca2bbc4587c3cbf3aeb6e155f8c864ca8ecff992b98a",
    "https://deno.land/std@0.128.0/async/delay.ts": "cbbdf1c87d1aed8edc7bae13592fb3e27e3106e0748f089c263390d4f49e5f6c",
    "https://deno.land/std@0.128.0/async/mod.ts": "a28709190a1966cb50e5815ef269bb588ee192373cde73b1096641820dc52a36",
    "https://deno.land/std@0.128.0/async/mux_async_iterator.ts": "f4d1d259b0c694d381770ddaaa4b799a94843eba80c17f4a2ec2949168e52d1e",
    "https://deno.land/std@0.128.0/async/pool.ts": "97b0dd27c69544e374df857a40902e74e39532f226005543eabacb551e277082",
    "https://deno.land/std@0.128.0/async/tee.ts": "1341feb1f5b1a96f8628d0f8fc07d8c43d3813423f18a63bf1b4785568d21b1f",
    "https://deno.land/std@0.128.0/http/server.ts": "10c3a7814666cdbabd6f9c18acdcc4593e222275a628280a4868881445fbb5bc",
    "https://deno.land/std@0.141.0/_util/assert.ts": "e94f2eb37cebd7f199952e242c77654e43333c1ac4c5c700e929ea3aa5489f74",
    "https://deno.land/std@0.141.0/_util/os.ts": "3b4c6e27febd119d36a416d7a97bd3b0251b77c88942c8f16ee5953ea13e2e49",
    "https://deno.land/std@0.141.0/_wasm_crypto/crypto.mjs": "3b383eb715e8bfe61b4450ef0644b2653429c88d494807c86c5235979f62e56b",
    "https://deno.land/std@0.141.0/_wasm_crypto/crypto.wasm.mjs": "0ad9ecc0d03ca8a083d9109db22e7507f019f63cf55b82ea618ab58855617577",
    "https://deno.land/std@0.141.0/_wasm_crypto/mod.ts": "30a93c8b6b6c5b269e96a3e95d2c045d86a496814a8737443b77cad941d6a0b5",
    "https://deno.land/std@0.141.0/async/abortable.ts": "87aa7230be8360c24ad437212311c9e8d4328854baec27b4c7abb26e85515c06",
    "https://deno.land/std@0.141.0/async/deadline.ts": "48ac998d7564969f3e6ec6b6f9bf0217ebd00239b1b2292feba61272d5dd58d0",
    "https://deno.land/std@0.141.0/async/debounce.ts": "564273ef242bcfcda19a439132f940db8694173abffc159ea34f07d18fc42620",
    "https://deno.land/std@0.141.0/async/deferred.ts": "bc18e28108252c9f67dfca2bbc4587c3cbf3aeb6e155f8c864ca8ecff992b98a",
    "https://deno.land/std@0.141.0/async/delay.ts": "cbbdf1c87d1aed8edc7bae13592fb3e27e3106e0748f089c263390d4f49e5f6c",
    "https://deno.land/std@0.141.0/async/mod.ts": "6e42e275b44367361a81842dd1a789c55ab206d7c8a877d7163ab5c460625be6",
    "https://deno.land/std@0.141.0/async/mux_async_iterator.ts": "f4d1d259b0c694d381770ddaaa4b799a94843eba80c17f4a2ec2949168e52d1e",
    "https://deno.land/std@0.141.0/async/pool.ts": "ef9eb97b388543acbf0ac32647121e4dbe629236899586c4d4311a8770fbb239",
    "https://deno.land/std@0.141.0/async/tee.ts": "1341feb1f5b1a96f8628d0f8fc07d8c43d3813423f18a63bf1b4785568d21b1f",
    "https://deno.land/std@0.141.0/bytes/bytes_list.ts": "67eb118e0b7891d2f389dad4add35856f4ad5faab46318ff99653456c23b025d",
    "https://deno.land/std@0.141.0/bytes/equals.ts": "fc16dff2090cced02497f16483de123dfa91e591029f985029193dfaa9d894c9",
    "https://deno.land/std@0.141.0/bytes/mod.ts": "763f97d33051cc3f28af1a688dfe2830841192a9fea0cbaa55f927b49d49d0bf",
    "https://deno.land/std@0.141.0/crypto/mod.ts": "4db030a62c00a53cc3e1f180e0a0bd8936c9dec4652ebf6d9897915eeeddbf0a",
    "https://deno.land/std@0.141.0/datetime/formatter.ts": "7c8e6d16a0950f400aef41b9f1eb9168249869776ec520265dfda785d746589e",
    "https://deno.land/std@0.141.0/datetime/mod.ts": "dcab9ae7be83cbf74b7863e83bd16e7c646a8dea2f019092905630eb7a545739",
    "https://deno.land/std@0.141.0/datetime/tokenizer.ts": "7381e28f6ab51cb504c7e132be31773d73ef2f3e1e50a812736962b9df1e8c47",
    "https://deno.land/std@0.141.0/encoding/base64.ts": "c8c16b4adaa60d7a8eee047c73ece26844435e8f7f1328d74593dbb2dd58ea4f",
    "https://deno.land/std@0.141.0/encoding/hex.ts": "7f023e1e51cfd6b189682e602e8640939e7be71a300a2fcf3daf8f84dc609bbc",
    "https://deno.land/std@0.141.0/fmt/colors.ts": "30455035d6d728394781c10755351742dd731e3db6771b1843f9b9e490104d37",
    "https://deno.land/std@0.141.0/io/buffer.ts": "bd0c4bf53db4b4be916ca5963e454bddfd3fcd45039041ea161dbf826817822b",
    "https://deno.land/std@0.141.0/io/types.d.ts": "01f60ae7ec02675b5dbed150d258fc184a78dfe5c209ef53ba4422b46b58822c",
    "https://deno.land/std@0.141.0/path/_constants.ts": "df1db3ffa6dd6d1252cc9617e5d72165cd2483df90e93833e13580687b6083c3",
    "https://deno.land/std@0.141.0/path/_interface.ts": "ee3b431a336b80cf445441109d089b70d87d5e248f4f90ff906820889ecf8d09",
    "https://deno.land/std@0.141.0/path/_util.ts": "c1e9686d0164e29f7d880b2158971d805b6e0efc3110d0b3e24e4b8af2190d2b",
    "https://deno.land/std@0.141.0/path/common.ts": "bee563630abd2d97f99d83c96c2fa0cca7cee103e8cb4e7699ec4d5db7bd2633",
    "https://deno.land/std@0.141.0/path/glob.ts": "cb5255638de1048973c3e69e420c77dc04f75755524cb3b2e160fe9277d939ee",
    "https://deno.land/std@0.141.0/path/mod.ts": "d3e68d0abb393fb0bf94a6d07c46ec31dc755b544b13144dee931d8d5f06a52d",
    "https://deno.land/std@0.141.0/path/posix.ts": "293cdaec3ecccec0a9cc2b534302dfe308adb6f10861fa183275d6695faace44",
    "https://deno.land/std@0.141.0/path/separator.ts": "fe1816cb765a8068afb3e8f13ad272351c85cbc739af56dacfc7d93d710fe0f9",
    "https://deno.land/std@0.141.0/path/win32.ts": "31811536855e19ba37a999cd8d1b62078235548d67902ece4aa6b814596dd757",
    "https://deno.land/std@0.150.0/_util/assert.ts": "e94f2eb37cebd7f199952e242c77654e43333c1ac4c5c700e929ea3aa5489f74",
    "https://deno.land/std@0.150.0/_util/os.ts": "3b4c6e27febd119d36a416d7a97bd3b0251b77c88942c8f16ee5953ea13e2e49",
    "https://deno.land/std@0.150.0/async/abortable.ts": "87aa7230be8360c24ad437212311c9e8d4328854baec27b4c7abb26e85515c06",
    "https://deno.land/std@0.150.0/async/deadline.ts": "48ac998d7564969f3e6ec6b6f9bf0217ebd00239b1b2292feba61272d5dd58d0",
    "https://deno.land/std@0.150.0/async/debounce.ts": "564273ef242bcfcda19a439132f940db8694173abffc159ea34f07d18fc42620",
    "https://deno.land/std@0.150.0/async/deferred.ts": "bc18e28108252c9f67dfca2bbc4587c3cbf3aeb6e155f8c864ca8ecff992b98a",
    "https://deno.land/std@0.150.0/async/delay.ts": "cbbdf1c87d1aed8edc7bae13592fb3e27e3106e0748f089c263390d4f49e5f6c",
    "https://deno.land/std@0.150.0/async/mod.ts": "9852cd8ed897ab2d41a8fbee611d574e97898327db5c19d9d58e41126473f02c",
    "https://deno.land/std@0.150.0/async/mux_async_iterator.ts": "5b4aca6781ad0f2e19ccdf1d1a1c092ccd3e00d52050d9c27c772658c8367256",
    "https://deno.land/std@0.150.0/async/pool.ts": "ef9eb97b388543acbf0ac32647121e4dbe629236899586c4d4311a8770fbb239",
    "https://deno.land/std@0.150.0/async/tee.ts": "bcfae0017ebb718cf4eef9e2420e8675d91cb1bcc0ed9b668681af6e6caad846",
    "https://deno.land/std@0.150.0/flags/mod.ts": "594472736e24b2f2afd3451cf7ccd58a21706ce91006478a544fdfa056c69697",
    "https://deno.land/std@0.150.0/fs/_util.ts": "2cf50bfb1081c2d5f2efec10ac19abbc2baf478e51cd1b057d0da2f30585b6ba",
    "https://deno.land/std@0.150.0/fs/walk.ts": "6ce8d87fbaeda23383e979599ad27f3f94b3e5ff0c0cd976b5fc5c2aa0df7d92",
    "https://deno.land/std@0.150.0/http/http_status.ts": "897575a7d6bc2b9123f6a38ecbc0f03d95a532c5d92029315dc9f508e12526b8",
    "https://deno.land/std@0.150.0/http/server.ts": "0b0a9f3abfcfecead944b31ee9098a0c11a59b0495bf873ee200eb80e7441483",
    "https://deno.land/std@0.150.0/media_types/_util.ts": "ce9b4fc4ba1c447dafab619055e20fd88236ca6bdd7834a21f98bd193c3fbfa1",
    "https://deno.land/std@0.150.0/media_types/mod.ts": "2d4b6f32a087029272dc59e0a55ae3cc4d1b27b794ccf528e94b1925795b3118",
    "https://deno.land/std@0.150.0/media_types/vendor/mime-db.v1.52.0.ts": "724cee25fa40f1a52d3937d6b4fbbfdd7791ff55e1b7ac08d9319d5632c7f5af",
    "https://deno.land/std@0.150.0/path/_constants.ts": "df1db3ffa6dd6d1252cc9617e5d72165cd2483df90e93833e13580687b6083c3",
    "https://deno.land/std@0.150.0/path/_interface.ts": "ee3b431a336b80cf445441109d089b70d87d5e248f4f90ff906820889ecf8d09",
    "https://deno.land/std@0.150.0/path/_util.ts": "c1e9686d0164e29f7d880b2158971d805b6e0efc3110d0b3e24e4b8af2190d2b",
    "https://deno.land/std@0.150.0/path/common.ts": "bee563630abd2d97f99d83c96c2fa0cca7cee103e8cb4e7699ec4d5db7bd2633",
    "https://deno.land/std@0.150.0/path/glob.ts": "cb5255638de1048973c3e69e420c77dc04f75755524cb3b2e160fe9277d939ee",
    "https://deno.land/std@0.150.0/path/mod.ts": "4945b430b759b0b3d98f2a278542cbcf95e0ad2bd8eaaed3c67322b306b2b346",
    "https://deno.land/std@0.150.0/path/posix.ts": "c1f7afe274290ea0b51da07ee205653b2964bd74909a82deb07b69a6cc383aaa",
    "https://deno.land/std@0.150.0/path/separator.ts": "fe1816cb765a8068afb3e8f13ad272351c85cbc739af56dacfc7d93d710fe0f9",
    "https://deno.land/std@0.150.0/path/win32.ts": "bd7549042e37879c68ff2f8576a25950abbfca1d696d41d82c7bca0b7e6f452c",
    "https://deno.land/std@0.150.0/semver/mod.ts": "4a5195fa81b4aede8875a386550a1119f01fb58d74aea899b2cfb136c05a7310",
    "https://deno.land/x/deno_dom@v0.1.34-alpha/build/deno-wasm/deno-wasm.js": "3fa41dba4813e6d4b024a53a146b76e1afcbdf218fc02063442378c61239ed14",
    "https://deno.land/x/deno_dom@v0.1.34-alpha/deno-dom-wasm.ts": "bfd999a493a6974e9fca4d331bee03bfb68cfc600c662cd0b48b21d67a2a8ba0",
    "https://deno.land/x/deno_dom@v0.1.34-alpha/src/api.ts": "0ff5790f0a3eeecb4e00b7d8fbfa319b165962cf6d0182a65ba90f158d74f7d7",
    "https://deno.land/x/deno_dom@v0.1.34-alpha/src/constructor-lock.ts": "59714df7e0571ec7bd338903b1f396202771a6d4d7f55a452936bd0de9deb186",
    "https://deno.land/x/deno_dom@v0.1.34-alpha/src/deserialize.ts": "f4d34514ca00473ca428b69ad437ba345925744b5d791cb9552e2d7a0e7b0439",
    "https://deno.land/x/deno_dom@v0.1.34-alpha/src/dom/document-fragment.ts": "a40c6e18dd0efcf749a31552c1c9a6f7fa614452245e86ee38fc92ba0235e5ae",
    "https://deno.land/x/deno_dom@v0.1.34-alpha/src/dom/document.ts": "bcb96378097106d82e0d1a356496baea1b73f92dd7d492e6ed655016025665df",
    "https://deno.land/x/deno_dom@v0.1.34-alpha/src/dom/dom-parser.ts": "609097b426f8c2358f3e5d2bca55ed026cf26cdf86562e94130dfdb0f2537f92",
    "https://deno.land/x/deno_dom@v0.1.34-alpha/src/dom/element.ts": "312ae401081e6ce11cf62a854c0f78388e4be46579c1fdd9c1d118bc9c79db38",
    "https://deno.land/x/deno_dom@v0.1.34-alpha/src/dom/elements/html-template-element.ts": "19ad97c55222115e8daaca2788b9c98cc31a7f9d2547ed5bca0c56a4a12bfec8",
    "https://deno.land/x/deno_dom@v0.1.34-alpha/src/dom/html-collection.ts": "ae90197f5270c32074926ad6cf30ee07d274d44596c7e413c354880cebce8565",
    "https://deno.land/x/deno_dom@v0.1.34-alpha/src/dom/node-list.ts": "d9c07baf0acc383112cbabafacf26a0aedb04d0866645e7485f5ab23e470b6f8",
    "https://deno.land/x/deno_dom@v0.1.34-alpha/src/dom/node.ts": "778b7cf182105ae2c39a7d0b44aaea701c0af35e85b7cfa5e8b38f8bd67f7ad4",
    "https://deno.land/x/deno_dom@v0.1.34-alpha/src/dom/selectors/custom-api.ts": "852696bd58e534bc41bd3be9e2250b60b67cd95fd28ed16b1deff1d548531a71",
    "https://deno.land/x/deno_dom@v0.1.34-alpha/src/dom/selectors/nwsapi-types.ts": "c43b36c36acc5d32caabaa54fda8c9d239b2b0fcbce9a28efb93c84aa1021698",
    "https://deno.land/x/deno_dom@v0.1.34-alpha/src/dom/selectors/nwsapi.js": "985d7d8fc1eabbb88946b47a1c44c1b2d4aa79ff23c21424219f1528fa27a2ff",
    "https://deno.land/x/deno_dom@v0.1.34-alpha/src/dom/selectors/selectors.ts": "83eab57be2290fb48e3130533448c93c6c61239f2a2f3b85f1917f80ca0fdc75",
    "https://deno.land/x/deno_dom@v0.1.34-alpha/src/dom/selectors/sizzle-types.ts": "78149e2502409989ce861ed636b813b059e16bc267bb543e7c2b26ef43e4798b",
    "https://deno.land/x/deno_dom@v0.1.34-alpha/src/dom/selectors/sizzle.js": "c3aed60c1045a106d8e546ac2f85cc82e65f62d9af2f8f515210b9212286682a",
    "https://deno.land/x/deno_dom@v0.1.34-alpha/src/dom/utils-types.ts": "96db30e3e4a75b194201bb9fa30988215da7f91b380fca6a5143e51ece2a8436",
    "https://deno.land/x/deno_dom@v0.1.34-alpha/src/dom/utils.ts": "ecd889ba74f3ce282620d8ca1d4d5e0365e6cc86101d2352f3bbf936ae496e2c",
    "https://deno.land/x/deno_dom@v0.1.34-alpha/src/parser.ts": "b65eb7e673fa7ca611de871de109655f0aa9fa35ddc1de73df1a5fc2baafc332",
    "https://deno.land/x/denoflate@1.2.1/mod.ts": "f5628e44b80b3d80ed525afa2ba0f12408e3849db817d47a883b801f9ce69dd6",
    "https://deno.land/x/denoflate@1.2.1/pkg/denoflate.js": "b9f9ad9457d3f12f28b1fb35c555f57443427f74decb403113d67364e4f2caf4",
    "https://deno.land/x/denoflate@1.2.1/pkg/denoflate_bg.wasm.js": "d581956245407a2115a3d7e8d85a9641c032940a8e810acbd59ca86afd34d44d",
    "https://deno.land/x/dotenv@v3.2.0/load.ts": "cbd76a0aee01aad8d09222afaa1dd04b84d9d3e44637503b01bf77a91df9e041",
    "https://deno.land/x/dotenv@v3.2.0/mod.ts": "077b48773de9205266a0b44c3c3a3c3083449ed64bb0b6cc461b95720678d38e",
    "https://deno.land/x/dotenv@v3.2.0/util.ts": "693730877b13f8ead2b79b2aa31e2a0652862f7dc0c5f6d2f313f4d39c7b7670",
    "https://deno.land/x/esbuild@v0.14.51/mod.d.ts": "c142324d0383c39de0d7660cd207a7f7f52c7198a13d7d3281c0d636a070f441",
    "https://deno.land/x/esbuild@v0.14.51/mod.js": "7432566c71fac77637822dc230319c7392a2d2fef51204c9d12c956d7093c279",
    "https://deno.land/x/esbuild@v0.14.51/wasm.d.ts": "c142324d0383c39de0d7660cd207a7f7f52c7198a13d7d3281c0d636a070f441",
    "https://deno.land/x/esbuild@v0.14.51/wasm.js": "afc1b6927543b664af60ce452c4929e5dc2bb9a0f4ed47b446a6431847c7598e",
    "https://deno.land/x/esbuild_deno_loader@0.5.2/deps.ts": "bf83c27b7787b2f245fa0bc0b99f5041aa949c000a81c016cfe828d06b476d37",
    "https://deno.land/x/esbuild_deno_loader@0.5.2/mod.ts": "bc111a68f323dbdb6edec68dd558ab732b27866d2ef304708872d763387b65d7",
    "https://deno.land/x/esbuild_deno_loader@0.5.2/src/deno.ts": "0e83ccabbe2b004389288e38df2031b79eb347df2d139fce9394d8e88a11f259",
    "https://deno.land/x/esbuild_deno_loader@0.5.2/src/native_loader.ts": "343854a566cf510cf25144f7c09fc0c1097780a31830305142a075d12bb697ba",
    "https://deno.land/x/esbuild_deno_loader@0.5.2/src/portable_loader.ts": "35b6c526eed8c2c781a3256b23c30aa7cce69c0ef1d583c15528663287ba18a3",
    "https://deno.land/x/esbuild_deno_loader@0.5.2/src/shared.ts": "b64749cd8c0f6252a11498bd8758ef1220003e46b2c9b68e16da63fd7e92b13a",
    "https://deno.land/x/fresh@1.0.2/dev.ts": "a66c7d64be35bcd6a8e12eec9c27ae335044c70363a241f2e36ee776db468622",
    "https://deno.land/x/fresh@1.0.2/runtime.ts": "b02ec1e2e32cf73a33d262b7c9dcab9468ce16cd89fd424196c71003698a4ab0",
    "https://deno.land/x/fresh@1.0.2/server.ts": "f379c9aad24471a71e58fb887fa57e5cc27ad9df035987eb260541c78df38e84",
    "https://deno.land/x/fresh@1.0.2/src/dev/deps.ts": "f8c9535688ab63f6cd5bd8477f5f0a665b7baab3e3bda343e6d824b1521eed4d",
    "https://deno.land/x/fresh@1.0.2/src/dev/error.ts": "21a38d240c00279662e6adde41367f1da0ae7e2836d993f818ea94aabab53e7b",
    "https://deno.land/x/fresh@1.0.2/src/dev/mod.ts": "b37d7c2f6b2a502d2a8ced7c3ab3cbf4404458566274226eac5d3fee310b26fa",
    "https://deno.land/x/fresh@1.0.2/src/runtime/csp.ts": "9ee900e9b0b786057b1009da5976298c202d1b86d1f1e4d2510bde5f06530ac9",
    "https://deno.land/x/fresh@1.0.2/src/runtime/head.ts": "0f9932874497ab6e57ed1ba01d549e843523df4a5d36ef97460e7a43e3132fdc",
    "https://deno.land/x/fresh@1.0.2/src/runtime/utils.ts": "8320a874a44bdd5905c7d4b87a0e7a14a6c50a2ed133800e72ae57341e4d4faa",
    "https://deno.land/x/fresh@1.0.2/src/server/bundle.ts": "ab5afa89da62aaf12b3fb9ef9ee6e71e5d92abafe9f4169305939007e16a47ba",
    "https://deno.land/x/fresh@1.0.2/src/server/constants.ts": "ad10dda1bc20c25c2926f6a8cfd79ef4368d70b4b03a645f65c04b3fa7d93a8c",
    "https://deno.land/x/fresh@1.0.2/src/server/context.ts": "90001a33e8298a55654d80017a0e684b7132f7eb41ea9dee041d982742dd84d5",
    "https://deno.land/x/fresh@1.0.2/src/server/default_error_page.tsx": "b216f6688080ead5a2a9997d04a98eb9e11cf5a87391c2a85458b48ab0fe2933",
    "https://deno.land/x/fresh@1.0.2/src/server/deps.ts": "7629e67c2ec6221b2596c1ec7215bfea68d8784645cc5627e208eb808f2beb4c",
    "https://deno.land/x/fresh@1.0.2/src/server/mod.ts": "5ee410a16d56d0884772d2f5674fe519d2159f9311c99e03a5631079064320a8",
    "https://deno.land/x/fresh@1.0.2/src/server/render.tsx": "7835efdac931c21d27eb145fb5eb429e54b6f7b2c42442a627cfaad9bd062cca",
    "https://deno.land/x/fresh@1.0.2/src/server/types.ts": "c968f263626f2fd5b5fc44b31982eaf3cfd9c0ced5f961d257bdfdbcfb2ed8cb",
    "https://deno.land/x/importmap@0.2.1/_util.ts": "ada9a9618b537e6c0316c048a898352396c882b9f2de38aba18fd3f2950ede89",
    "https://deno.land/x/importmap@0.2.1/mod.ts": "ae3d1cd7eabd18c01a4960d57db471126b020f23b37ef14e1359bbb949227ade",
    "https://deno.land/x/postgres@v0.16.1/client.ts": "348779c9f6a1c75ef1336db662faf08dce7d2101ff72f0d1e341ba1505c8431d",
    "https://deno.land/x/postgres@v0.16.1/client/error.ts": "0817583b666fd546664ed52c1d37beccc5a9eebcc6e3c2ead20ada99b681e5f7",
    "https://deno.land/x/postgres@v0.16.1/connection/auth.ts": "1070125e2ac4ca4ade36d69a4222d37001903092826d313217987583edd61ce9",
    "https://deno.land/x/postgres@v0.16.1/connection/connection.ts": "428ed3efa055870db505092b5d3545ef743497b7b4b72cf8f0593e7dd4788acd",
    "https://deno.land/x/postgres@v0.16.1/connection/connection_params.ts": "ae05d1ca554cecddf028482a7517fdbdc28d076e93db8b8389348ecab6ddb0c1",
    "https://deno.land/x/postgres@v0.16.1/connection/message.ts": "f9257948b7f87d58bfbfe3fc6e2e08f0de3ef885655904d56a5f73655cc22c5a",
    "https://deno.land/x/postgres@v0.16.1/connection/message_code.ts": "466719008b298770c366c5c63f6cf8285b7f76514dadb4b11e7d9756a8a1ddbf",
    "https://deno.land/x/postgres@v0.16.1/connection/packet.ts": "050aeff1fc13c9349e89451a155ffcd0b1343dc313a51f84439e3e45f64b56c8",
    "https://deno.land/x/postgres@v0.16.1/connection/scram.ts": "6d7c5b44855a01e477ad425dbfe81e4a0af6aa1096c93dba76c535d145c46ae0",
    "https://deno.land/x/postgres@v0.16.1/deps.ts": "2b5acaede991255c8ae7700ac59bf6461f72a5cefe786c23965083ecc6aa626a",
    "https://deno.land/x/postgres@v0.16.1/mod.ts": "a1e18fd9e6fedc8bc24e5aeec3ae6de45e2274be1411fb66e9081420c5e81d7d",
    "https://deno.land/x/postgres@v0.16.1/pool.ts": "892db7b5e1787988babecc994a151ebbd7d017f080905cbe9c3d7b44a73032a9",
    "https://deno.land/x/postgres@v0.16.1/query/array_parser.ts": "f8a229d82c3801de8266fa2cc4afe12e94fef8d0c479e73655c86ed3667ef33f",
    "https://deno.land/x/postgres@v0.16.1/query/decode.ts": "44a4a6cbcf494ed91a4fecae38a57dce63a7b519166f02c702791d9717371419",
    "https://deno.land/x/postgres@v0.16.1/query/decoders.ts": "16cb0e60227d86692931e315421b15768c78526e3aeb84e25fcc4111096de9fd",
    "https://deno.land/x/postgres@v0.16.1/query/encode.ts": "5f1418a2932b7c2231556e4a5f5f56efef48728014070cfafe7656963f342933",
    "https://deno.land/x/postgres@v0.16.1/query/oid.ts": "8c33e1325f34e4ca9f11a48b8066c8cfcace5f64bc1eb17ad7247af4936999e1",
    "https://deno.land/x/postgres@v0.16.1/query/query.ts": "cc0254e5b8d093c27b1e90cb9c2d98f14d4cf6958f296163cb6351ffd93a6c51",
    "https://deno.land/x/postgres@v0.16.1/query/transaction.ts": "78fdb116ebc1affbeefecca657ddabb278cd6f4b45cdbaffeea411464dd8a7ee",
    "https://deno.land/x/postgres@v0.16.1/query/types.ts": "a6dc8024867fe7ccb0ba4b4fa403ee5d474c7742174128c8e689c3b5e5eaa933",
    "https://deno.land/x/postgres@v0.16.1/utils/deferred.ts": "dd94f2a57355355c47812b061a51b55263f72d24e9cb3fdb474c7519f4d61083",
    "https://deno.land/x/postgres@v0.16.1/utils/utils.ts": "19c3527ddd5c6c4c49ae36397120274c7f41f9d3cbf479cb36065d23329e9f90",
    "https://esm.sh/preact-render-to-string@5.2.1?external=preact": "aeacc176c7ed87ea04703abdec7343f8bb721ad1523ccc01418d7b4ea7de4077",
    "https://esm.sh/preact@10.10.0": "1faf39b7f1a170634160d61045c10ae9dd5af8215d00b9bfa1a5bd818ea89ceb",
    "https://esm.sh/preact@10.10.0/hooks": "ab9bbd385651310948a6794bcdb6dbb9ed9e7060a0b0e8af4448c7107f35c1b6",
    "https://esm.sh/stable/preact@10.10.0/deno/hooks.js": "d42f1e771ca88df0fd728e49d81fa3b155266ecae52dcf6fdc55232583a2058d",
    "https://esm.sh/stable/preact@10.10.0/deno/preact.js": "b0b5f4c36e1c83b61cc79ffda59bc57d105682a644760f3ff31a709ecd33ae43",
    "https://esm.sh/twind@0.16.17": "fec14040d99e07d0bee23539f99ebabcbcb4717b9f6c86cf56a9dff39791c19d",
    "https://esm.sh/twind@0.16.17/sheets": "8d1b9acdbab6fe7df66b1957ff28505c79f7635cf2acbe24d95b283d1bdc86eb",
    "https://esm.sh/v106/csstype@3.1.1/index.d.ts": "1c29793071152b207c01ea1954e343be9a44d85234447b2b236acae9e709a383",
    "https://esm.sh/v106/preact-render-to-string@5.2.1/X-ZS9wcmVhY3Q/deno/preact-render-to-string.js": "ad49a0c92cfa93339a267f6ff6bd91adf6e1d492198a63051956dab2263c6218",
    "https://esm.sh/v106/preact-render-to-string@5.2.1/X-ZS9wcmVhY3Q/src/index.d.ts": "b1d73703252c8570fdf2952475805f5808ba3511fefbd93a3e7bd8406de7dcd0",
    "https://esm.sh/v106/preact@10.10.0/hooks/src/index.d.ts": "272fdead5f29c6ad17b8332588a1652fc5bbefb97b5f29d931c55342f4b024f9",
    "https://esm.sh/v106/preact@10.10.0/src/index.d.ts": "d3e2e5125321d592d2458226f311de66411f2fa949e546cbaaefa533c4fb89e3",
    "https://esm.sh/v106/preact@10.10.0/src/jsx.d.ts": "d6bcf6c6608b078063831ded646fa023b51b6fe91d5732343c90d19d968270a0",
    "https://esm.sh/v106/style-vendorizer@2.2.3/deno/style-vendorizer.js": "bacdb96f034bbdae11a8d90427a6d49270d28d5939f02dbf0e7d0e52491ff9e3",
    "https://esm.sh/v106/twind@0.16.17/deno/sheets.js": "f75586c3a778278f99ca9e6761e8c8a2089c66d6a503bb25e3bba38597fe1e30",
    "https://esm.sh/v106/twind@0.16.17/deno/twind.js": "41f9ec5fe59338ccbd5877b6c7d2c41536b6ed725280d447777435fa446faabc",
    "https://esm.sh/v106/twind@0.16.17/sheets/sheets.d.ts": "73505b4708bcde9254db584db58166bda6e45860d905991a2cfa049dda805efa",
    "https://esm.sh/v106/twind@0.16.17/twind.d.ts": "880fbe3dea75d4d1ed627d272bae4afd34c1865be7f85ff10399aaaaaa3f7869"
  }
}
